
Microsoft Visual Studio Solution File, Format Version 12.00
# Visual Studio Version 17
VisualStudioVersion = 17.1.32407.343
MinimumVisualStudioVersion = 10.0.40219.1
Project("{FAE04EC0-301F-11D3-BF4B-00C04F79EFBC}") = "Entidades", "Entidades\Entidades.csproj", "{6950E750-72D9-4139-A32A-0737693702C8}"
EndProject
Project("{FAE04EC0-301F-11D3-BF4B-00C04F79EFBC}") = "Consola", "Consola\Consola.csproj", "{93F6D6C4-8F56-4672-838C-C61FCB9563F0}"
EndProject
Global
	GlobalSection(SolutionConfigurationPlatforms) = preSolution
		Debug|Any CPU = Debug|Any CPU
		Release|Any CPU = Release|Any CPU
	EndGlobalSection
	GlobalSection(ProjectConfigurationPlatforms) = postSolution
		{6950E750-72D9-4139-A32A-0737693702C8}.Debug|Any CPU.ActiveCfg = Debug|Any CPU
		{6950E750-72D9-4139-A32A-0737693702C8}.Debug|Any CPU.Build.0 = Debug|Any CPU
		{6950E750-72D9-4139-A32A-0737693702C8}.Release|Any CPU.ActiveCfg = Release|Any CPU
		{6950E750-72D9-4139-A32A-0737693702C8}.Release|Any CPU.Build.0 = Release|Any CPU
		{93F6D6C4-8F56-4672-838C-C61FCB9563F0}.Debug|Any CPU.ActiveCfg = Debug|Any CPU
		{93F6D6C4-8F56-4672-838C-C61FCB9563F0}.Debug|Any CPU.Build.0 = Debug|Any CPU
		{93F6D6C4-8F56-4672-838C-C61FCB9563F0}.Release|Any CPU.ActiveCfg = Release|Any CPU
		{93F6D6C4-8F56-4672-838C-C61FCB9563F0}.Release|Any CPU.Build.0 = Release|Any CPU
	EndGlobalSection
	GlobalSection(SolutionProperties) = preSolution
		HideSolutionNode = FALSE
	EndGlobalSection
	GlobalSection(ExtensibilityGlobals) = postSolution
		SolutionGuid = {9257AD77-7C12-4DE9-8308-82DACF5FD0A2}
	EndGlobalSection
EndGlobal
