
Microsoft Visual Studio Solution File, Format Version 12.00
# Visual Studio Version 17
VisualStudioVersion = 17.7.34018.315
MinimumVisualStudioVersion = 10.0.40219.1
Project("{FAE04EC0-301F-11D3-BF4B-00C04F79EFBC}") = "Consola", "Consola\Consola.csproj", "{1ACAF9AA-42CA-4069-BCD8-7EA932B0DDD0}"
EndProject
Project("{FAE04EC0-301F-11D3-BF4B-00C04F79EFBC}") = "Entidades", "Entidades\Entidades.csproj", "{C2BD111F-917E-43F8-B32D-8F3A51702E5C}"
EndProject
Project("{FAE04EC0-301F-11D3-BF4B-00C04F79EFBC}") = "WinFormsApp1", "WinFormsApp1\WinFormsApp1.csproj", "{2B70AC56-E054-46A2-B1E3-E8812042F9BD}"
EndProject
Global
	GlobalSection(SolutionConfigurationPlatforms) = preSolution
		Debug|Any CPU = Debug|Any CPU
		Release|Any CPU = Release|Any CPU
	EndGlobalSection
	GlobalSection(ProjectConfigurationPlatforms) = postSolution
		{1ACAF9AA-42CA-4069-BCD8-7EA932B0DDD0}.Debug|Any CPU.ActiveCfg = Debug|Any CPU
		{1ACAF9AA-42CA-4069-BCD8-7EA932B0DDD0}.Debug|Any CPU.Build.0 = Debug|Any CPU
		{1ACAF9AA-42CA-4069-BCD8-7EA932B0DDD0}.Release|Any CPU.ActiveCfg = Release|Any CPU
		{1ACAF9AA-42CA-4069-BCD8-7EA932B0DDD0}.Release|Any CPU.Build.0 = Release|Any CPU
		{C2BD111F-917E-43F8-B32D-8F3A51702E5C}.Debug|Any CPU.ActiveCfg = Debug|Any CPU
		{C2BD111F-917E-43F8-B32D-8F3A51702E5C}.Debug|Any CPU.Build.0 = Debug|Any CPU
		{C2BD111F-917E-43F8-B32D-8F3A51702E5C}.Release|Any CPU.ActiveCfg = Release|Any CPU
		{C2BD111F-917E-43F8-B32D-8F3A51702E5C}.Release|Any CPU.Build.0 = Release|Any CPU
		{2B70AC56-E054-46A2-B1E3-E8812042F9BD}.Debug|Any CPU.ActiveCfg = Debug|Any CPU
		{2B70AC56-E054-46A2-B1E3-E8812042F9BD}.Debug|Any CPU.Build.0 = Debug|Any CPU
		{2B70AC56-E054-46A2-B1E3-E8812042F9BD}.Release|Any CPU.ActiveCfg = Release|Any CPU
		{2B70AC56-E054-46A2-B1E3-E8812042F9BD}.Release|Any CPU.Build.0 = Release|Any CPU
	EndGlobalSection
	GlobalSection(SolutionProperties) = preSolution
		HideSolutionNode = FALSE
	EndGlobalSection
	GlobalSection(ExtensibilityGlobals) = postSolution
		SolutionGuid = {D6348D5A-8EBA-49F1-9EDD-0A1A937E1BC1}
	EndGlobalSection
EndGlobal
