
Microsoft Visual Studio Solution File, Format Version 12.00
# Visual Studio Version 16
VisualStudioVersion = 16.0.30611.23
MinimumVisualStudioVersion = 10.0.40219.1
Project("{9A19103F-16F7-4668-BE54-9A1E7A4F7556}") = "Ejercicio19.Consola", "Ejercicio19.Consola\Ejercicio19.Consola.csproj", "{09B7A898-2C00-4E28-B7F2-72B90C037AF9}"
EndProject
Project("{9A19103F-16F7-4668-BE54-9A1E7A4F7556}") = "Ejercicio34.Consola", "Ejercicio34.Consola\Ejercicio34.Consola.csproj", "{08B566B1-1239-43F7-9695-22888C3F86CF}"
EndProject
Project("{FAE04EC0-301F-11D3-BF4B-00C04F79EFBC}") = "Ejercicio34.Entidades", "Ejercicio34.Entidades\Ejercicio34.Entidades.csproj", "{DB8D92EF-A84C-45DB-A89A-1F085F0A286A}"
EndProject
Project("{9A19103F-16F7-4668-BE54-9A1E7A4F7556}") = "Ejercicio38y39.Consola", "Ejercicio38.Consola\Ejercicio38y39.Consola.csproj", "{1573E39A-E3FE-4DE2-9621-DD4365844A24}"
EndProject
Project("{9A19103F-16F7-4668-BE54-9A1E7A4F7556}") = "Ejercicio47.Consola", "Ejercicio47.Consola\Ejercicio47.Consola.csproj", "{F8BD3827-B643-4343-A08D-AFBFFDD0DD05}"
EndProject
Project("{FAE04EC0-301F-11D3-BF4B-00C04F79EFBC}") = "Ejercicio47.Entidades", "Ejercicio47.Entidades\Ejercicio47.Entidades.csproj", "{6622FFE5-0F36-474A-9364-D05D3745BC7C}"
EndProject
Project("{FAE04EC0-301F-11D3-BF4B-00C04F79EFBC}") = "Ejercicio52.Entidades", "Ejercicio52.Entidades\Ejercicio52.Entidades.csproj", "{E5751FB1-587D-4EA0-B208-88F0FA782D4E}"
EndProject
Project("{9A19103F-16F7-4668-BE54-9A1E7A4F7556}") = "Ejercicio52.Consola", "Ejercicio52.Consola\Ejercicio52.Consola.csproj", "{28A8CCA3-91E9-4EE9-8DAD-6210FDCCE709}"
EndProject
Project("{9A19103F-16F7-4668-BE54-9A1E7A4F7556}") = "Ejercicio53.Consola", "Ejercicio53.Consola\Ejercicio53.Consola.csproj", "{15836CCD-600E-4865-8E7A-D1F1C7D438A6}"
EndProject
Project("{FAE04EC0-301F-11D3-BF4B-00C04F79EFBC}") = "Ejercicio53.Entidades", "Ejercicio53.Entidades\Ejercicio53.Entidades.csproj", "{017BA002-149F-4BF3-AB30-E0754EE45A37}"
EndProject
Project("{FAE04EC0-301F-11D3-BF4B-00C04F79EFBC}") = "Ejercicio57.Consola", "Ejercicio57.Consola\Ejercicio57.Consola.csproj", "{DC29F59D-3E3F-4C6A-B378-036F1E3557AD}"
EndProject
Project("{FAE04EC0-301F-11D3-BF4B-00C04F79EFBC}") = "Ejercicio73.Consola", "Ejercicio73.Consola\Ejercicio73.Consola.csproj", "{0E0D4492-0BEF-4CD2-8374-F45F76F6CB27}"
EndProject
Project("{FAE04EC0-301F-11D3-BF4B-00C04F79EFBC}") = "Ejercicio61.WindowsForm", "Ejercicio61.WindowsForm\Ejercicio61.WindowsForm.csproj", "{FFBE2EA3-E8C5-4487-8968-4537A7186425}"
EndProject
Project("{FAE04EC0-301F-11D3-BF4B-00C04F79EFBC}") = "Ejercicio61.Entidades", "Ejercicio61.Entidades\Ejercicio61.Entidades.csproj", "{00549830-F718-4596-A645-563346846BF5}"
EndProject
Project("{FAE04EC0-301F-11D3-BF4B-00C04F79EFBC}") = "Ejercicio18.Consola", "Ejercicio18.Consola\Ejercicio18.Consola.csproj", "{AD42C569-0B07-42B5-9597-289A6B74270A}"
EndProject
Project("{FAE04EC0-301F-11D3-BF4B-00C04F79EFBC}") = "Ejercicio18.Entidades", "Ejercicio18.Entidades\Ejercicio18.Entidades.csproj", "{5AFBBCD5-0BE5-487C-8B43-49F50D5D053F}"
EndProject
Project("{9A19103F-16F7-4668-BE54-9A1E7A4F7556}") = "Ejercicio42.Entidades", "Ejercicio42.Entidades\Ejercicio42.Entidades.csproj", "{907ECBFF-1E62-4310-8A72-96EA50FE72E5}"
EndProject
Project("{FAE04EC0-301F-11D3-BF4B-00C04F79EFBC}") = "Ejercicio42.Consola", "Ejercicio42.Consola\Ejercicio42.Consola.csproj", "{6503F11D-590E-4D4F-B3A9-92FBB0489345}"
EndProject
Project("{FAE04EC0-301F-11D3-BF4B-00C04F79EFBC}") = "Ejercicio48.Consola", "Ejercicio48.Consola\Ejercicio48.Consola.csproj", "{6E9564F6-229C-4260-8F3B-2C2004C8CB85}"
EndProject
Project("{FAE04EC0-301F-11D3-BF4B-00C04F79EFBC}") = "Ejercicio48.Entidades", "Ejercicio48.Entidades\Ejercicio48.Entidades.csproj", "{87627C01-DD25-4BF6-83AF-307D80D8849A}"
EndProject
Project("{FAE04EC0-301F-11D3-BF4B-00C04F79EFBC}") = "Ejercicio68.Entidades", "Ejercicio68.Entidades\Ejercicio68.Entidades.csproj", "{D9EAAFF6-AD0D-4021-B796-5E38891D4572}"
EndProject
Project("{FAE04EC0-301F-11D3-BF4B-00C04F79EFBC}") = "Ejercicio68.WindowsForm", "Ejercicio68.WindowsForm\Ejercicio68.WindowsForm.csproj", "{455E489D-D6FC-4673-ABA4-41ACE85EE108}"
EndProject
Project("{FAE04EC0-301F-11D3-BF4B-00C04F79EFBC}") = "Ejercicio72Consola", "Ejercicio72Consola\Ejercicio72Consola.csproj", "{F2062B8D-2016-40CE-A0D5-F002307FC955}"
EndProject
Global
	GlobalSection(SolutionConfigurationPlatforms) = preSolution
		Debug|Any CPU = Debug|Any CPU
		Release|Any CPU = Release|Any CPU
	EndGlobalSection
	GlobalSection(ProjectConfigurationPlatforms) = postSolution
		{09B7A898-2C00-4E28-B7F2-72B90C037AF9}.Debug|Any CPU.ActiveCfg = Debug|Any CPU
		{09B7A898-2C00-4E28-B7F2-72B90C037AF9}.Debug|Any CPU.Build.0 = Debug|Any CPU
		{09B7A898-2C00-4E28-B7F2-72B90C037AF9}.Release|Any CPU.ActiveCfg = Release|Any CPU
		{09B7A898-2C00-4E28-B7F2-72B90C037AF9}.Release|Any CPU.Build.0 = Release|Any CPU
		{08B566B1-1239-43F7-9695-22888C3F86CF}.Debug|Any CPU.ActiveCfg = Debug|Any CPU
		{08B566B1-1239-43F7-9695-22888C3F86CF}.Debug|Any CPU.Build.0 = Debug|Any CPU
		{08B566B1-1239-43F7-9695-22888C3F86CF}.Release|Any CPU.ActiveCfg = Release|Any CPU
		{08B566B1-1239-43F7-9695-22888C3F86CF}.Release|Any CPU.Build.0 = Release|Any CPU
		{DB8D92EF-A84C-45DB-A89A-1F085F0A286A}.Debug|Any CPU.ActiveCfg = Debug|Any CPU
		{DB8D92EF-A84C-45DB-A89A-1F085F0A286A}.Debug|Any CPU.Build.0 = Debug|Any CPU
		{DB8D92EF-A84C-45DB-A89A-1F085F0A286A}.Release|Any CPU.ActiveCfg = Release|Any CPU
		{DB8D92EF-A84C-45DB-A89A-1F085F0A286A}.Release|Any CPU.Build.0 = Release|Any CPU
		{1573E39A-E3FE-4DE2-9621-DD4365844A24}.Debug|Any CPU.ActiveCfg = Debug|Any CPU
		{1573E39A-E3FE-4DE2-9621-DD4365844A24}.Debug|Any CPU.Build.0 = Debug|Any CPU
		{1573E39A-E3FE-4DE2-9621-DD4365844A24}.Release|Any CPU.ActiveCfg = Release|Any CPU
		{1573E39A-E3FE-4DE2-9621-DD4365844A24}.Release|Any CPU.Build.0 = Release|Any CPU
		{F8BD3827-B643-4343-A08D-AFBFFDD0DD05}.Debug|Any CPU.ActiveCfg = Debug|Any CPU
		{F8BD3827-B643-4343-A08D-AFBFFDD0DD05}.Debug|Any CPU.Build.0 = Debug|Any CPU
		{F8BD3827-B643-4343-A08D-AFBFFDD0DD05}.Release|Any CPU.ActiveCfg = Release|Any CPU
		{F8BD3827-B643-4343-A08D-AFBFFDD0DD05}.Release|Any CPU.Build.0 = Release|Any CPU
		{6622FFE5-0F36-474A-9364-D05D3745BC7C}.Debug|Any CPU.ActiveCfg = Debug|Any CPU
		{6622FFE5-0F36-474A-9364-D05D3745BC7C}.Debug|Any CPU.Build.0 = Debug|Any CPU
		{6622FFE5-0F36-474A-9364-D05D3745BC7C}.Release|Any CPU.ActiveCfg = Release|Any CPU
		{6622FFE5-0F36-474A-9364-D05D3745BC7C}.Release|Any CPU.Build.0 = Release|Any CPU
		{E5751FB1-587D-4EA0-B208-88F0FA782D4E}.Debug|Any CPU.ActiveCfg = Debug|Any CPU
		{E5751FB1-587D-4EA0-B208-88F0FA782D4E}.Debug|Any CPU.Build.0 = Debug|Any CPU
		{E5751FB1-587D-4EA0-B208-88F0FA782D4E}.Release|Any CPU.ActiveCfg = Release|Any CPU
		{E5751FB1-587D-4EA0-B208-88F0FA782D4E}.Release|Any CPU.Build.0 = Release|Any CPU
		{28A8CCA3-91E9-4EE9-8DAD-6210FDCCE709}.Debug|Any CPU.ActiveCfg = Debug|Any CPU
		{28A8CCA3-91E9-4EE9-8DAD-6210FDCCE709}.Debug|Any CPU.Build.0 = Debug|Any CPU
		{28A8CCA3-91E9-4EE9-8DAD-6210FDCCE709}.Release|Any CPU.ActiveCfg = Release|Any CPU
		{28A8CCA3-91E9-4EE9-8DAD-6210FDCCE709}.Release|Any CPU.Build.0 = Release|Any CPU
		{15836CCD-600E-4865-8E7A-D1F1C7D438A6}.Debug|Any CPU.ActiveCfg = Debug|Any CPU
		{15836CCD-600E-4865-8E7A-D1F1C7D438A6}.Debug|Any CPU.Build.0 = Debug|Any CPU
		{15836CCD-600E-4865-8E7A-D1F1C7D438A6}.Release|Any CPU.ActiveCfg = Release|Any CPU
		{15836CCD-600E-4865-8E7A-D1F1C7D438A6}.Release|Any CPU.Build.0 = Release|Any CPU
		{017BA002-149F-4BF3-AB30-E0754EE45A37}.Debug|Any CPU.ActiveCfg = Debug|Any CPU
		{017BA002-149F-4BF3-AB30-E0754EE45A37}.Debug|Any CPU.Build.0 = Debug|Any CPU
		{017BA002-149F-4BF3-AB30-E0754EE45A37}.Release|Any CPU.ActiveCfg = Release|Any CPU
		{017BA002-149F-4BF3-AB30-E0754EE45A37}.Release|Any CPU.Build.0 = Release|Any CPU
		{DC29F59D-3E3F-4C6A-B378-036F1E3557AD}.Debug|Any CPU.ActiveCfg = Debug|Any CPU
		{DC29F59D-3E3F-4C6A-B378-036F1E3557AD}.Debug|Any CPU.Build.0 = Debug|Any CPU
		{DC29F59D-3E3F-4C6A-B378-036F1E3557AD}.Release|Any CPU.ActiveCfg = Release|Any CPU
		{DC29F59D-3E3F-4C6A-B378-036F1E3557AD}.Release|Any CPU.Build.0 = Release|Any CPU
		{0E0D4492-0BEF-4CD2-8374-F45F76F6CB27}.Debug|Any CPU.ActiveCfg = Debug|Any CPU
		{0E0D4492-0BEF-4CD2-8374-F45F76F6CB27}.Debug|Any CPU.Build.0 = Debug|Any CPU
		{0E0D4492-0BEF-4CD2-8374-F45F76F6CB27}.Release|Any CPU.ActiveCfg = Release|Any CPU
		{0E0D4492-0BEF-4CD2-8374-F45F76F6CB27}.Release|Any CPU.Build.0 = Release|Any CPU
		{FFBE2EA3-E8C5-4487-8968-4537A7186425}.Debug|Any CPU.ActiveCfg = Debug|Any CPU
		{FFBE2EA3-E8C5-4487-8968-4537A7186425}.Debug|Any CPU.Build.0 = Debug|Any CPU
		{FFBE2EA3-E8C5-4487-8968-4537A7186425}.Release|Any CPU.ActiveCfg = Release|Any CPU
		{FFBE2EA3-E8C5-4487-8968-4537A7186425}.Release|Any CPU.Build.0 = Release|Any CPU
		{00549830-F718-4596-A645-563346846BF5}.Debug|Any CPU.ActiveCfg = Debug|Any CPU
		{00549830-F718-4596-A645-563346846BF5}.Debug|Any CPU.Build.0 = Debug|Any CPU
		{00549830-F718-4596-A645-563346846BF5}.Release|Any CPU.ActiveCfg = Release|Any CPU
		{00549830-F718-4596-A645-563346846BF5}.Release|Any CPU.Build.0 = Release|Any CPU
		{AD42C569-0B07-42B5-9597-289A6B74270A}.Debug|Any CPU.ActiveCfg = Debug|Any CPU
		{AD42C569-0B07-42B5-9597-289A6B74270A}.Debug|Any CPU.Build.0 = Debug|Any CPU
		{AD42C569-0B07-42B5-9597-289A6B74270A}.Release|Any CPU.ActiveCfg = Release|Any CPU
		{AD42C569-0B07-42B5-9597-289A6B74270A}.Release|Any CPU.Build.0 = Release|Any CPU
		{5AFBBCD5-0BE5-487C-8B43-49F50D5D053F}.Debug|Any CPU.ActiveCfg = Debug|Any CPU
		{5AFBBCD5-0BE5-487C-8B43-49F50D5D053F}.Debug|Any CPU.Build.0 = Debug|Any CPU
		{5AFBBCD5-0BE5-487C-8B43-49F50D5D053F}.Release|Any CPU.ActiveCfg = Release|Any CPU
		{5AFBBCD5-0BE5-487C-8B43-49F50D5D053F}.Release|Any CPU.Build.0 = Release|Any CPU
		{907ECBFF-1E62-4310-8A72-96EA50FE72E5}.Debug|Any CPU.ActiveCfg = Debug|Any CPU
		{907ECBFF-1E62-4310-8A72-96EA50FE72E5}.Debug|Any CPU.Build.0 = Debug|Any CPU
		{907ECBFF-1E62-4310-8A72-96EA50FE72E5}.Release|Any CPU.ActiveCfg = Release|Any CPU
		{907ECBFF-1E62-4310-8A72-96EA50FE72E5}.Release|Any CPU.Build.0 = Release|Any CPU
		{6503F11D-590E-4D4F-B3A9-92FBB0489345}.Debug|Any CPU.ActiveCfg = Debug|Any CPU
		{6503F11D-590E-4D4F-B3A9-92FBB0489345}.Debug|Any CPU.Build.0 = Debug|Any CPU
		{6503F11D-590E-4D4F-B3A9-92FBB0489345}.Release|Any CPU.ActiveCfg = Release|Any CPU
		{6503F11D-590E-4D4F-B3A9-92FBB0489345}.Release|Any CPU.Build.0 = Release|Any CPU
		{6E9564F6-229C-4260-8F3B-2C2004C8CB85}.Debug|Any CPU.ActiveCfg = Debug|Any CPU
		{6E9564F6-229C-4260-8F3B-2C2004C8CB85}.Debug|Any CPU.Build.0 = Debug|Any CPU
		{6E9564F6-229C-4260-8F3B-2C2004C8CB85}.Release|Any CPU.ActiveCfg = Release|Any CPU
		{6E9564F6-229C-4260-8F3B-2C2004C8CB85}.Release|Any CPU.Build.0 = Release|Any CPU
		{87627C01-DD25-4BF6-83AF-307D80D8849A}.Debug|Any CPU.ActiveCfg = Debug|Any CPU
		{87627C01-DD25-4BF6-83AF-307D80D8849A}.Debug|Any CPU.Build.0 = Debug|Any CPU
		{87627C01-DD25-4BF6-83AF-307D80D8849A}.Release|Any CPU.ActiveCfg = Release|Any CPU
		{87627C01-DD25-4BF6-83AF-307D80D8849A}.Release|Any CPU.Build.0 = Release|Any CPU
		{D9EAAFF6-AD0D-4021-B796-5E38891D4572}.Debug|Any CPU.ActiveCfg = Debug|Any CPU
		{D9EAAFF6-AD0D-4021-B796-5E38891D4572}.Debug|Any CPU.Build.0 = Debug|Any CPU
		{D9EAAFF6-AD0D-4021-B796-5E38891D4572}.Release|Any CPU.ActiveCfg = Release|Any CPU
		{D9EAAFF6-AD0D-4021-B796-5E38891D4572}.Release|Any CPU.Build.0 = Release|Any CPU
		{455E489D-D6FC-4673-ABA4-41ACE85EE108}.Debug|Any CPU.ActiveCfg = Debug|Any CPU
		{455E489D-D6FC-4673-ABA4-41ACE85EE108}.Debug|Any CPU.Build.0 = Debug|Any CPU
		{455E489D-D6FC-4673-ABA4-41ACE85EE108}.Release|Any CPU.ActiveCfg = Release|Any CPU
		{455E489D-D6FC-4673-ABA4-41ACE85EE108}.Release|Any CPU.Build.0 = Release|Any CPU
		{F2062B8D-2016-40CE-A0D5-F002307FC955}.Debug|Any CPU.ActiveCfg = Debug|Any CPU
		{F2062B8D-2016-40CE-A0D5-F002307FC955}.Debug|Any CPU.Build.0 = Debug|Any CPU
		{F2062B8D-2016-40CE-A0D5-F002307FC955}.Release|Any CPU.ActiveCfg = Release|Any CPU
		{F2062B8D-2016-40CE-A0D5-F002307FC955}.Release|Any CPU.Build.0 = Release|Any CPU
	EndGlobalSection
	GlobalSection(SolutionProperties) = preSolution
		HideSolutionNode = FALSE
	EndGlobalSection
	GlobalSection(ExtensibilityGlobals) = postSolution
		SolutionGuid = {E2A76A51-8493-4F69-911B-024BACD2A16C}
	EndGlobalSection
EndGlobal
