
Microsoft Visual Studio Solution File, Format Version 12.00
# Visual Studio Version 17
VisualStudioVersion = 17.7.34018.315
MinimumVisualStudioVersion = 10.0.40219.1
Project("{9A19103F-16F7-4668-BE54-9A1E7A4F7556}") = "I01", "I01\I01.csproj", "{4B3E01B3-F50E-467B-905B-F51DCBE7BA9E}"
EndProject
Project("{FAE04EC0-301F-11D3-BF4B-00C04F79EFBC}") = "I02", "I02\I02.csproj", "{6614FFA5-5B5A-484E-B0C0-EE39340939BD}"
EndProject
Project("{FAE04EC0-301F-11D3-BF4B-00C04F79EFBC}") = "I03", "I03\I03.csproj", "{F588EFD3-185F-4A83-8F28-AB68B131C934}"
EndProject
Project("{FAE04EC0-301F-11D3-BF4B-00C04F79EFBC}") = "A01", "A01\A01.csproj", "{F9006E75-0E7D-4D8B-947B-6DB8E694F9CD}"
EndProject
Global
	GlobalSection(SolutionConfigurationPlatforms) = preSolution
		Debug|Any CPU = Debug|Any CPU
		Release|Any CPU = Release|Any CPU
	EndGlobalSection
	GlobalSection(ProjectConfigurationPlatforms) = postSolution
		{4B3E01B3-F50E-467B-905B-F51DCBE7BA9E}.Debug|Any CPU.ActiveCfg = Debug|Any CPU
		{4B3E01B3-F50E-467B-905B-F51DCBE7BA9E}.Debug|Any CPU.Build.0 = Debug|Any CPU
		{4B3E01B3-F50E-467B-905B-F51DCBE7BA9E}.Release|Any CPU.ActiveCfg = Release|Any CPU
		{4B3E01B3-F50E-467B-905B-F51DCBE7BA9E}.Release|Any CPU.Build.0 = Release|Any CPU
		{6614FFA5-5B5A-484E-B0C0-EE39340939BD}.Debug|Any CPU.ActiveCfg = Debug|Any CPU
		{6614FFA5-5B5A-484E-B0C0-EE39340939BD}.Debug|Any CPU.Build.0 = Debug|Any CPU
		{6614FFA5-5B5A-484E-B0C0-EE39340939BD}.Release|Any CPU.ActiveCfg = Release|Any CPU
		{6614FFA5-5B5A-484E-B0C0-EE39340939BD}.Release|Any CPU.Build.0 = Release|Any CPU
		{F588EFD3-185F-4A83-8F28-AB68B131C934}.Debug|Any CPU.ActiveCfg = Debug|Any CPU
		{F588EFD3-185F-4A83-8F28-AB68B131C934}.Debug|Any CPU.Build.0 = Debug|Any CPU
		{F588EFD3-185F-4A83-8F28-AB68B131C934}.Release|Any CPU.ActiveCfg = Release|Any CPU
		{F588EFD3-185F-4A83-8F28-AB68B131C934}.Release|Any CPU.Build.0 = Release|Any CPU
		{F9006E75-0E7D-4D8B-947B-6DB8E694F9CD}.Debug|Any CPU.ActiveCfg = Debug|Any CPU
		{F9006E75-0E7D-4D8B-947B-6DB8E694F9CD}.Debug|Any CPU.Build.0 = Debug|Any CPU
		{F9006E75-0E7D-4D8B-947B-6DB8E694F9CD}.Release|Any CPU.ActiveCfg = Release|Any CPU
		{F9006E75-0E7D-4D8B-947B-6DB8E694F9CD}.Release|Any CPU.Build.0 = Release|Any CPU
	EndGlobalSection
	GlobalSection(SolutionProperties) = preSolution
		HideSolutionNode = FALSE
	EndGlobalSection
	GlobalSection(ExtensibilityGlobals) = postSolution
		SolutionGuid = {FE37131E-3FD1-44ED-AE33-2D8DD61D9AB7}
	EndGlobalSection
EndGlobal
