
Microsoft Visual Studio Solution File, Format Version 12.00
# Visual Studio Version 16
VisualStudioVersion = 16.0.30611.23
MinimumVisualStudioVersion = 10.0.40219.1
Project("{FAE04EC0-301F-11D3-BF4B-00C04F79EFBC}") = "Ejercicio61.Entidades", "Ejercicio61.Entidades\Ejercicio61.Entidades.csproj", "{EFDF84FF-E8CA-4BC2-AF09-C704F6858972}"
EndProject
Project("{FAE04EC0-301F-11D3-BF4B-00C04F79EFBC}") = "Ejercicio61.Consola", "Ejercicio61.Consola\Ejercicio61.Consola.csproj", "{2205CE7B-D66A-4970-A5C0-E2E675985A6A}"
EndProject
Global
	GlobalSection(SolutionConfigurationPlatforms) = preSolution
		Debug|Any CPU = Debug|Any CPU
		Release|Any CPU = Release|Any CPU
	EndGlobalSection
	GlobalSection(ProjectConfigurationPlatforms) = postSolution
		{EFDF84FF-E8CA-4BC2-AF09-C704F6858972}.Debug|Any CPU.ActiveCfg = Debug|Any CPU
		{EFDF84FF-E8CA-4BC2-AF09-C704F6858972}.Debug|Any CPU.Build.0 = Debug|Any CPU
		{EFDF84FF-E8CA-4BC2-AF09-C704F6858972}.Release|Any CPU.ActiveCfg = Release|Any CPU
		{EFDF84FF-E8CA-4BC2-AF09-C704F6858972}.Release|Any CPU.Build.0 = Release|Any CPU
		{2205CE7B-D66A-4970-A5C0-E2E675985A6A}.Debug|Any CPU.ActiveCfg = Debug|Any CPU
		{2205CE7B-D66A-4970-A5C0-E2E675985A6A}.Debug|Any CPU.Build.0 = Debug|Any CPU
		{2205CE7B-D66A-4970-A5C0-E2E675985A6A}.Release|Any CPU.ActiveCfg = Release|Any CPU
		{2205CE7B-D66A-4970-A5C0-E2E675985A6A}.Release|Any CPU.Build.0 = Release|Any CPU
	EndGlobalSection
	GlobalSection(SolutionProperties) = preSolution
		HideSolutionNode = FALSE
	EndGlobalSection
	GlobalSection(ExtensibilityGlobals) = postSolution
		SolutionGuid = {617AC07C-4C7C-407F-90A3-EEEEB807891F}
	EndGlobalSection
EndGlobal
