
Microsoft Visual Studio Solution File, Format Version 12.00
# Visual Studio Version 16
VisualStudioVersion = 16.0.30611.23
MinimumVisualStudioVersion = 10.0.40219.1
Project("{FAE04EC0-301F-11D3-BF4B-00C04F79EFBC}") = "serializadora.Entidades", "serializadora.Entidades\serializadora.Entidades.csproj", "{900427CC-1F4A-479D-9E57-F57BAC8E308F}"
EndProject
Project("{FAE04EC0-301F-11D3-BF4B-00C04F79EFBC}") = "Serializador.Consola", "Serializador.Consola\Serializador.Consola.csproj", "{0908C243-C3B6-46C2-B026-B283D6E172A0}"
EndProject
Global
	GlobalSection(SolutionConfigurationPlatforms) = preSolution
		Debug|Any CPU = Debug|Any CPU
		Release|Any CPU = Release|Any CPU
	EndGlobalSection
	GlobalSection(ProjectConfigurationPlatforms) = postSolution
		{900427CC-1F4A-479D-9E57-F57BAC8E308F}.Debug|Any CPU.ActiveCfg = Debug|Any CPU
		{900427CC-1F4A-479D-9E57-F57BAC8E308F}.Debug|Any CPU.Build.0 = Debug|Any CPU
		{900427CC-1F4A-479D-9E57-F57BAC8E308F}.Release|Any CPU.ActiveCfg = Release|Any CPU
		{900427CC-1F4A-479D-9E57-F57BAC8E308F}.Release|Any CPU.Build.0 = Release|Any CPU
		{0908C243-C3B6-46C2-B026-B283D6E172A0}.Debug|Any CPU.ActiveCfg = Debug|Any CPU
		{0908C243-C3B6-46C2-B026-B283D6E172A0}.Debug|Any CPU.Build.0 = Debug|Any CPU
		{0908C243-C3B6-46C2-B026-B283D6E172A0}.Release|Any CPU.ActiveCfg = Release|Any CPU
		{0908C243-C3B6-46C2-B026-B283D6E172A0}.Release|Any CPU.Build.0 = Release|Any CPU
	EndGlobalSection
	GlobalSection(SolutionProperties) = preSolution
		HideSolutionNode = FALSE
	EndGlobalSection
	GlobalSection(ExtensibilityGlobals) = postSolution
		SolutionGuid = {DABF0BB9-013B-4225-B960-F3ED89748FFD}
	EndGlobalSection
EndGlobal
