
Microsoft Visual Studio Solution File, Format Version 12.00
# Visual Studio Version 16
VisualStudioVersion = 16.0.30611.23
MinimumVisualStudioVersion = 10.0.40219.1
Project("{FAE04EC0-301F-11D3-BF4B-00C04F79EFBC}") = "CentralitaExcepciones.Entidades", "CentralitaExcepciones.Entidades\CentralitaExcepciones.Entidades.csproj", "{A687698B-F883-4B22-8CBC-F43CF3ECD422}"
EndProject
Project("{FAE04EC0-301F-11D3-BF4B-00C04F79EFBC}") = "CentralitaExcepciones.Consola", "CentralitaExcepciones.Consola\CentralitaExcepciones.Consola.csproj", "{408814C3-3076-4F45-A2B2-A1319E9B86E1}"
EndProject
Project("{FAE04EC0-301F-11D3-BF4B-00C04F79EFBC}") = "CentralitaExcepciones.WindowsForm", "CentralitaExcepciones.WindowsForm\CentralitaExcepciones.WindowsForm.csproj", "{B6C53063-E953-41BB-A62A-D5DB0EAB68B6}"
EndProject
Global
	GlobalSection(SolutionConfigurationPlatforms) = preSolution
		Debug|Any CPU = Debug|Any CPU
		Release|Any CPU = Release|Any CPU
	EndGlobalSection
	GlobalSection(ProjectConfigurationPlatforms) = postSolution
		{A687698B-F883-4B22-8CBC-F43CF3ECD422}.Debug|Any CPU.ActiveCfg = Debug|Any CPU
		{A687698B-F883-4B22-8CBC-F43CF3ECD422}.Debug|Any CPU.Build.0 = Debug|Any CPU
		{A687698B-F883-4B22-8CBC-F43CF3ECD422}.Release|Any CPU.ActiveCfg = Release|Any CPU
		{A687698B-F883-4B22-8CBC-F43CF3ECD422}.Release|Any CPU.Build.0 = Release|Any CPU
		{408814C3-3076-4F45-A2B2-A1319E9B86E1}.Debug|Any CPU.ActiveCfg = Debug|Any CPU
		{408814C3-3076-4F45-A2B2-A1319E9B86E1}.Debug|Any CPU.Build.0 = Debug|Any CPU
		{408814C3-3076-4F45-A2B2-A1319E9B86E1}.Release|Any CPU.ActiveCfg = Release|Any CPU
		{408814C3-3076-4F45-A2B2-A1319E9B86E1}.Release|Any CPU.Build.0 = Release|Any CPU
		{B6C53063-E953-41BB-A62A-D5DB0EAB68B6}.Debug|Any CPU.ActiveCfg = Debug|Any CPU
		{B6C53063-E953-41BB-A62A-D5DB0EAB68B6}.Debug|Any CPU.Build.0 = Debug|Any CPU
		{B6C53063-E953-41BB-A62A-D5DB0EAB68B6}.Release|Any CPU.ActiveCfg = Release|Any CPU
		{B6C53063-E953-41BB-A62A-D5DB0EAB68B6}.Release|Any CPU.Build.0 = Release|Any CPU
	EndGlobalSection
	GlobalSection(SolutionProperties) = preSolution
		HideSolutionNode = FALSE
	EndGlobalSection
	GlobalSection(ExtensibilityGlobals) = postSolution
		SolutionGuid = {663A05E5-A164-4BBC-BAFA-72E5348D0021}
	EndGlobalSection
EndGlobal
