
Microsoft Visual Studio Solution File, Format Version 12.00
# Visual Studio Version 17
VisualStudioVersion = 17.7.34018.315
MinimumVisualStudioVersion = 10.0.40219.1
Project("{FAE04EC0-301F-11D3-BF4B-00C04F79EFBC}") = "Vista", "Vista\Vista.csproj", "{0A14239C-4C73-4382-B091-0BA1EBD3D8DE}"
EndProject
Global
	GlobalSection(SolutionConfigurationPlatforms) = preSolution
		Debug|Any CPU = Debug|Any CPU
		Release|Any CPU = Release|Any CPU
	EndGlobalSection
	GlobalSection(ProjectConfigurationPlatforms) = postSolution
		{0A14239C-4C73-4382-B091-0BA1EBD3D8DE}.Debug|Any CPU.ActiveCfg = Debug|Any CPU
		{0A14239C-4C73-4382-B091-0BA1EBD3D8DE}.Debug|Any CPU.Build.0 = Debug|Any CPU
		{0A14239C-4C73-4382-B091-0BA1EBD3D8DE}.Release|Any CPU.ActiveCfg = Release|Any CPU
		{0A14239C-4C73-4382-B091-0BA1EBD3D8DE}.Release|Any CPU.Build.0 = Release|Any CPU
	EndGlobalSection
	GlobalSection(SolutionProperties) = preSolution
		HideSolutionNode = FALSE
	EndGlobalSection
	GlobalSection(ExtensibilityGlobals) = postSolution
		SolutionGuid = {80275650-07CC-4926-996C-19EA3CA0B291}
	EndGlobalSection
EndGlobal
