
Microsoft Visual Studio Solution File, Format Version 12.00
# Visual Studio Version 16
VisualStudioVersion = 16.0.30611.23
MinimumVisualStudioVersion = 10.0.40219.1
Project("{FAE04EC0-301F-11D3-BF4B-00C04F79EFBC}") = "Entidades", "Entidades\Entidades.csproj", "{0EDF6767-53E9-4E05-968F-B240F41079C0}"
EndProject
Project("{FAE04EC0-301F-11D3-BF4B-00C04F79EFBC}") = "Formularios", "Formularios\Formularios.csproj", "{2C420C8A-FAA9-435B-ADD7-E3CDB83D7D8C}"
EndProject
Global
	GlobalSection(SolutionConfigurationPlatforms) = preSolution
		Debug|Any CPU = Debug|Any CPU
		Release|Any CPU = Release|Any CPU
	EndGlobalSection
	GlobalSection(ProjectConfigurationPlatforms) = postSolution
		{0EDF6767-53E9-4E05-968F-B240F41079C0}.Debug|Any CPU.ActiveCfg = Debug|Any CPU
		{0EDF6767-53E9-4E05-968F-B240F41079C0}.Debug|Any CPU.Build.0 = Debug|Any CPU
		{0EDF6767-53E9-4E05-968F-B240F41079C0}.Release|Any CPU.ActiveCfg = Release|Any CPU
		{0EDF6767-53E9-4E05-968F-B240F41079C0}.Release|Any CPU.Build.0 = Release|Any CPU
		{2C420C8A-FAA9-435B-ADD7-E3CDB83D7D8C}.Debug|Any CPU.ActiveCfg = Debug|Any CPU
		{2C420C8A-FAA9-435B-ADD7-E3CDB83D7D8C}.Debug|Any CPU.Build.0 = Debug|Any CPU
		{2C420C8A-FAA9-435B-ADD7-E3CDB83D7D8C}.Release|Any CPU.ActiveCfg = Release|Any CPU
		{2C420C8A-FAA9-435B-ADD7-E3CDB83D7D8C}.Release|Any CPU.Build.0 = Release|Any CPU
	EndGlobalSection
	GlobalSection(SolutionProperties) = preSolution
		HideSolutionNode = FALSE
	EndGlobalSection
	GlobalSection(ExtensibilityGlobals) = postSolution
		SolutionGuid = {B196DC5D-D90D-439E-B750-32829748B778}
	EndGlobalSection
EndGlobal
