
Microsoft Visual Studio Solution File, Format Version 12.00
# Visual Studio Version 16
VisualStudioVersion = 16.0.30611.23
MinimumVisualStudioVersion = 10.0.40219.1
Project("{FAE04EC0-301F-11D3-BF4B-00C04F79EFBC}") = "CentralitaPolimorfismo", "CentralitaPolimorfismo\CentralitaPolimorfismo.csproj", "{81371236-BB42-4D95-A911-AFDC3055F514}"
EndProject
Project("{FAE04EC0-301F-11D3-BF4B-00C04F79EFBC}") = "CentralitaPolimorfismo.Entidades", "CentralitaPolimorfismo.Entidades\CentralitaPolimorfismo.Entidades.csproj", "{5C7B0C8E-3E8E-40C7-99BD-C5BD450A3B3C}"
EndProject
Project("{FAE04EC0-301F-11D3-BF4B-00C04F79EFBC}") = "CentralitaPolimorfismo.WindowsForm", "CentralitaPolimorfismo.WindowsForm\CentralitaPolimorfismo.WindowsForm.csproj", "{9EF77DE8-162A-4D04-9F3F-1ED6A2EB9556}"
EndProject
Global
	GlobalSection(SolutionConfigurationPlatforms) = preSolution
		Debug|Any CPU = Debug|Any CPU
		Release|Any CPU = Release|Any CPU
	EndGlobalSection
	GlobalSection(ProjectConfigurationPlatforms) = postSolution
		{81371236-BB42-4D95-A911-AFDC3055F514}.Debug|Any CPU.ActiveCfg = Debug|Any CPU
		{81371236-BB42-4D95-A911-AFDC3055F514}.Debug|Any CPU.Build.0 = Debug|Any CPU
		{81371236-BB42-4D95-A911-AFDC3055F514}.Release|Any CPU.ActiveCfg = Release|Any CPU
		{81371236-BB42-4D95-A911-AFDC3055F514}.Release|Any CPU.Build.0 = Release|Any CPU
		{5C7B0C8E-3E8E-40C7-99BD-C5BD450A3B3C}.Debug|Any CPU.ActiveCfg = Debug|Any CPU
		{5C7B0C8E-3E8E-40C7-99BD-C5BD450A3B3C}.Debug|Any CPU.Build.0 = Debug|Any CPU
		{5C7B0C8E-3E8E-40C7-99BD-C5BD450A3B3C}.Release|Any CPU.ActiveCfg = Release|Any CPU
		{5C7B0C8E-3E8E-40C7-99BD-C5BD450A3B3C}.Release|Any CPU.Build.0 = Release|Any CPU
		{9EF77DE8-162A-4D04-9F3F-1ED6A2EB9556}.Debug|Any CPU.ActiveCfg = Debug|Any CPU
		{9EF77DE8-162A-4D04-9F3F-1ED6A2EB9556}.Debug|Any CPU.Build.0 = Debug|Any CPU
		{9EF77DE8-162A-4D04-9F3F-1ED6A2EB9556}.Release|Any CPU.ActiveCfg = Release|Any CPU
		{9EF77DE8-162A-4D04-9F3F-1ED6A2EB9556}.Release|Any CPU.Build.0 = Release|Any CPU
	EndGlobalSection
	GlobalSection(SolutionProperties) = preSolution
		HideSolutionNode = FALSE
	EndGlobalSection
	GlobalSection(ExtensibilityGlobals) = postSolution
		SolutionGuid = {EFA4A060-B13C-4E31-8AE4-801924955366}
	EndGlobalSection
EndGlobal
