
Microsoft Visual Studio Solution File, Format Version 12.00
# Visual Studio Version 17
VisualStudioVersion = 17.7.34018.315
MinimumVisualStudioVersion = 10.0.40219.1
Project("{FAE04EC0-301F-11D3-BF4B-00C04F79EFBC}") = "Consola", "Consola\Consola.csproj", "{690B2C13-DDBB-42EC-A357-F9F6583DD57F}"
EndProject
Project("{FAE04EC0-301F-11D3-BF4B-00C04F79EFBC}") = "Entidades", "Entidades\Entidades.csproj", "{A6055048-4D51-4CB6-B747-7EC1FE29C51B}"
EndProject
Global
	GlobalSection(SolutionConfigurationPlatforms) = preSolution
		Debug|Any CPU = Debug|Any CPU
		Release|Any CPU = Release|Any CPU
	EndGlobalSection
	GlobalSection(ProjectConfigurationPlatforms) = postSolution
		{690B2C13-DDBB-42EC-A357-F9F6583DD57F}.Debug|Any CPU.ActiveCfg = Debug|Any CPU
		{690B2C13-DDBB-42EC-A357-F9F6583DD57F}.Debug|Any CPU.Build.0 = Debug|Any CPU
		{690B2C13-DDBB-42EC-A357-F9F6583DD57F}.Release|Any CPU.ActiveCfg = Release|Any CPU
		{690B2C13-DDBB-42EC-A357-F9F6583DD57F}.Release|Any CPU.Build.0 = Release|Any CPU
		{A6055048-4D51-4CB6-B747-7EC1FE29C51B}.Debug|Any CPU.ActiveCfg = Debug|Any CPU
		{A6055048-4D51-4CB6-B747-7EC1FE29C51B}.Debug|Any CPU.Build.0 = Debug|Any CPU
		{A6055048-4D51-4CB6-B747-7EC1FE29C51B}.Release|Any CPU.ActiveCfg = Release|Any CPU
		{A6055048-4D51-4CB6-B747-7EC1FE29C51B}.Release|Any CPU.Build.0 = Release|Any CPU
	EndGlobalSection
	GlobalSection(SolutionProperties) = preSolution
		HideSolutionNode = FALSE
	EndGlobalSection
	GlobalSection(ExtensibilityGlobals) = postSolution
		SolutionGuid = {8A8A7875-8302-40D3-B969-C8B6451A4ABB}
	EndGlobalSection
EndGlobal
