
Microsoft Visual Studio Solution File, Format Version 12.00
# Visual Studio Version 17
VisualStudioVersion = 17.5.33627.172
MinimumVisualStudioVersion = 10.0.40219.1
Project("{FAE04EC0-301F-11D3-BF4B-00C04F79EFBC}") = "Vista", "Vista\Vista.csproj", "{B60850F5-298D-4F16-A82C-3929FA69B56A}"
EndProject
Project("{FAE04EC0-301F-11D3-BF4B-00C04F79EFBC}") = "Entidades", "Entidades\Entidades.csproj", "{9E84C185-883E-4548-90ED-C9B6F6554173}"
EndProject
Project("{FAE04EC0-301F-11D3-BF4B-00C04F79EFBC}") = "Pruebas Unitarias", "Pruebas Unitarias\Pruebas Unitarias.csproj", "{6F538958-B677-4B13-967C-2905401EC3F2}"
EndProject
Global
	GlobalSection(SolutionConfigurationPlatforms) = preSolution
		Debug|Any CPU = Debug|Any CPU
		Release|Any CPU = Release|Any CPU
	EndGlobalSection
	GlobalSection(ProjectConfigurationPlatforms) = postSolution
		{B60850F5-298D-4F16-A82C-3929FA69B56A}.Debug|Any CPU.ActiveCfg = Debug|Any CPU
		{B60850F5-298D-4F16-A82C-3929FA69B56A}.Debug|Any CPU.Build.0 = Debug|Any CPU
		{B60850F5-298D-4F16-A82C-3929FA69B56A}.Release|Any CPU.ActiveCfg = Release|Any CPU
		{B60850F5-298D-4F16-A82C-3929FA69B56A}.Release|Any CPU.Build.0 = Release|Any CPU
		{9E84C185-883E-4548-90ED-C9B6F6554173}.Debug|Any CPU.ActiveCfg = Debug|Any CPU
		{9E84C185-883E-4548-90ED-C9B6F6554173}.Debug|Any CPU.Build.0 = Debug|Any CPU
		{9E84C185-883E-4548-90ED-C9B6F6554173}.Release|Any CPU.ActiveCfg = Release|Any CPU
		{9E84C185-883E-4548-90ED-C9B6F6554173}.Release|Any CPU.Build.0 = Release|Any CPU
		{6F538958-B677-4B13-967C-2905401EC3F2}.Debug|Any CPU.ActiveCfg = Debug|Any CPU
		{6F538958-B677-4B13-967C-2905401EC3F2}.Debug|Any CPU.Build.0 = Debug|Any CPU
		{6F538958-B677-4B13-967C-2905401EC3F2}.Release|Any CPU.ActiveCfg = Release|Any CPU
		{6F538958-B677-4B13-967C-2905401EC3F2}.Release|Any CPU.Build.0 = Release|Any CPU
	EndGlobalSection
	GlobalSection(SolutionProperties) = preSolution
		HideSolutionNode = FALSE
	EndGlobalSection
	GlobalSection(ExtensibilityGlobals) = postSolution
		SolutionGuid = {3159939F-A6E8-4261-B0D6-48D7A2582141}
	EndGlobalSection
EndGlobal
