
Microsoft Visual Studio Solution File, Format Version 12.00
# Visual Studio Version 17
VisualStudioVersion = 17.7.34018.315
MinimumVisualStudioVersion = 10.0.40219.1
Project("{FAE04EC0-301F-11D3-BF4B-00C04F79EFBC}") = "I01", "I01\I01.csproj", "{9DF7D06E-157A-4CF2-AFD6-D6925340F545}"
EndProject
Global
	GlobalSection(SolutionConfigurationPlatforms) = preSolution
		Debug|Any CPU = Debug|Any CPU
		Release|Any CPU = Release|Any CPU
	EndGlobalSection
	GlobalSection(ProjectConfigurationPlatforms) = postSolution
		{9DF7D06E-157A-4CF2-AFD6-D6925340F545}.Debug|Any CPU.ActiveCfg = Debug|Any CPU
		{9DF7D06E-157A-4CF2-AFD6-D6925340F545}.Debug|Any CPU.Build.0 = Debug|Any CPU
		{9DF7D06E-157A-4CF2-AFD6-D6925340F545}.Release|Any CPU.ActiveCfg = Release|Any CPU
		{9DF7D06E-157A-4CF2-AFD6-D6925340F545}.Release|Any CPU.Build.0 = Release|Any CPU
	EndGlobalSection
	GlobalSection(SolutionProperties) = preSolution
		HideSolutionNode = FALSE
	EndGlobalSection
	GlobalSection(ExtensibilityGlobals) = postSolution
		SolutionGuid = {B7D99CFA-721B-4B50-887E-6E2A10300321}
	EndGlobalSection
EndGlobal
