
Microsoft Visual Studio Solution File, Format Version 12.00
# Visual Studio Version 17
VisualStudioVersion = 17.7.34018.315
MinimumVisualStudioVersion = 10.0.40219.1
Project("{FAE04EC0-301F-11D3-BF4B-00C04F79EFBC}") = "Generics", "Generics\Generics.csproj", "{08510F9D-DF27-4007-9FD7-8893C609787E}"
EndProject
Project("{FAE04EC0-301F-11D3-BF4B-00C04F79EFBC}") = "Torneo", "Torneo\Torneo.csproj", "{5862642E-E907-4ADB-872D-C739342D1776}"
EndProject
Project("{FAE04EC0-301F-11D3-BF4B-00C04F79EFBC}") = "TorneoEntidades", "TorneoEntidades\TorneoEntidades.csproj", "{D69DA5B6-AA57-40B1-AE78-6742F151B9BE}"
EndProject
Global
	GlobalSection(SolutionConfigurationPlatforms) = preSolution
		Debug|Any CPU = Debug|Any CPU
		Release|Any CPU = Release|Any CPU
	EndGlobalSection
	GlobalSection(ProjectConfigurationPlatforms) = postSolution
		{08510F9D-DF27-4007-9FD7-8893C609787E}.Debug|Any CPU.ActiveCfg = Debug|Any CPU
		{08510F9D-DF27-4007-9FD7-8893C609787E}.Debug|Any CPU.Build.0 = Debug|Any CPU
		{08510F9D-DF27-4007-9FD7-8893C609787E}.Release|Any CPU.ActiveCfg = Release|Any CPU
		{08510F9D-DF27-4007-9FD7-8893C609787E}.Release|Any CPU.Build.0 = Release|Any CPU
		{5862642E-E907-4ADB-872D-C739342D1776}.Debug|Any CPU.ActiveCfg = Debug|Any CPU
		{5862642E-E907-4ADB-872D-C739342D1776}.Debug|Any CPU.Build.0 = Debug|Any CPU
		{5862642E-E907-4ADB-872D-C739342D1776}.Release|Any CPU.ActiveCfg = Release|Any CPU
		{5862642E-E907-4ADB-872D-C739342D1776}.Release|Any CPU.Build.0 = Release|Any CPU
		{D69DA5B6-AA57-40B1-AE78-6742F151B9BE}.Debug|Any CPU.ActiveCfg = Debug|Any CPU
		{D69DA5B6-AA57-40B1-AE78-6742F151B9BE}.Debug|Any CPU.Build.0 = Debug|Any CPU
		{D69DA5B6-AA57-40B1-AE78-6742F151B9BE}.Release|Any CPU.ActiveCfg = Release|Any CPU
		{D69DA5B6-AA57-40B1-AE78-6742F151B9BE}.Release|Any CPU.Build.0 = Release|Any CPU
	EndGlobalSection
	GlobalSection(SolutionProperties) = preSolution
		HideSolutionNode = FALSE
	EndGlobalSection
	GlobalSection(ExtensibilityGlobals) = postSolution
		SolutionGuid = {E60A00C2-CE3C-4109-9EF8-E82A57F6CBAD}
	EndGlobalSection
EndGlobal
