
Microsoft Visual Studio Solution File, Format Version 12.00
# Visual Studio Version 17
VisualStudioVersion = 17.7.34018.315
MinimumVisualStudioVersion = 10.0.40219.1
Project("{FAE04EC0-301F-11D3-BF4B-00C04F79EFBC}") = "Hilos_Ejemplo1", "Hilos_Ejemplo1\Hilos_Ejemplo1.csproj", "{4917A5F8-141F-4EFD-A611-458159B15D4B}"
EndProject
Project("{FAE04EC0-301F-11D3-BF4B-00C04F79EFBC}") = "Hilos_Ejemplo2", "Hilos_Ejemplo2\Hilos_Ejemplo2.csproj", "{8DE04512-F2AE-4F23-9109-4DC6EA3DE833}"
EndProject
Project("{FAE04EC0-301F-11D3-BF4B-00C04F79EFBC}") = "Hilos_Ejemplo3", "Hilos_Ejemplo3\Hilos_Ejemplo3.csproj", "{C95D98F7-AC1A-4668-8823-D1DE178F95B2}"
EndProject
Project("{FAE04EC0-301F-11D3-BF4B-00C04F79EFBC}") = "Hilos_Ejemplo5", "Hilos_Ejemplo5\Hilos_Ejemplo5.csproj", "{A21F61DF-B6F1-4D0A-89A6-FBBC6586D34E}"
EndProject
Project("{FAE04EC0-301F-11D3-BF4B-00C04F79EFBC}") = "Hilos_Ejemplo6", "Hilos_Ejemplo6\Hilos_Ejemplo6.csproj", "{62ED3F96-52D8-4D3B-99E8-5081EE5FC40D}"
EndProject
Global
	GlobalSection(SolutionConfigurationPlatforms) = preSolution
		Debug|Any CPU = Debug|Any CPU
		Release|Any CPU = Release|Any CPU
	EndGlobalSection
	GlobalSection(ProjectConfigurationPlatforms) = postSolution
		{4917A5F8-141F-4EFD-A611-458159B15D4B}.Debug|Any CPU.ActiveCfg = Debug|Any CPU
		{4917A5F8-141F-4EFD-A611-458159B15D4B}.Debug|Any CPU.Build.0 = Debug|Any CPU
		{4917A5F8-141F-4EFD-A611-458159B15D4B}.Release|Any CPU.ActiveCfg = Release|Any CPU
		{4917A5F8-141F-4EFD-A611-458159B15D4B}.Release|Any CPU.Build.0 = Release|Any CPU
		{8DE04512-F2AE-4F23-9109-4DC6EA3DE833}.Debug|Any CPU.ActiveCfg = Debug|Any CPU
		{8DE04512-F2AE-4F23-9109-4DC6EA3DE833}.Debug|Any CPU.Build.0 = Debug|Any CPU
		{8DE04512-F2AE-4F23-9109-4DC6EA3DE833}.Release|Any CPU.ActiveCfg = Release|Any CPU
		{8DE04512-F2AE-4F23-9109-4DC6EA3DE833}.Release|Any CPU.Build.0 = Release|Any CPU
		{C95D98F7-AC1A-4668-8823-D1DE178F95B2}.Debug|Any CPU.ActiveCfg = Debug|Any CPU
		{C95D98F7-AC1A-4668-8823-D1DE178F95B2}.Debug|Any CPU.Build.0 = Debug|Any CPU
		{C95D98F7-AC1A-4668-8823-D1DE178F95B2}.Release|Any CPU.ActiveCfg = Release|Any CPU
		{C95D98F7-AC1A-4668-8823-D1DE178F95B2}.Release|Any CPU.Build.0 = Release|Any CPU
		{A21F61DF-B6F1-4D0A-89A6-FBBC6586D34E}.Debug|Any CPU.ActiveCfg = Debug|Any CPU
		{A21F61DF-B6F1-4D0A-89A6-FBBC6586D34E}.Debug|Any CPU.Build.0 = Debug|Any CPU
		{A21F61DF-B6F1-4D0A-89A6-FBBC6586D34E}.Release|Any CPU.ActiveCfg = Release|Any CPU
		{A21F61DF-B6F1-4D0A-89A6-FBBC6586D34E}.Release|Any CPU.Build.0 = Release|Any CPU
		{62ED3F96-52D8-4D3B-99E8-5081EE5FC40D}.Debug|Any CPU.ActiveCfg = Debug|Any CPU
		{62ED3F96-52D8-4D3B-99E8-5081EE5FC40D}.Debug|Any CPU.Build.0 = Debug|Any CPU
		{62ED3F96-52D8-4D3B-99E8-5081EE5FC40D}.Release|Any CPU.ActiveCfg = Release|Any CPU
		{62ED3F96-52D8-4D3B-99E8-5081EE5FC40D}.Release|Any CPU.Build.0 = Release|Any CPU
	EndGlobalSection
	GlobalSection(SolutionProperties) = preSolution
		HideSolutionNode = FALSE
	EndGlobalSection
	GlobalSection(ExtensibilityGlobals) = postSolution
		SolutionGuid = {7CF6BD4E-F7DC-4AB2-AEA8-265BD27F1BCE}
	EndGlobalSection
EndGlobal
