
Microsoft Visual Studio Solution File, Format Version 12.00
# Visual Studio Version 17
VisualStudioVersion = 17.7.34018.315
MinimumVisualStudioVersion = 10.0.40219.1
Project("{FAE04EC0-301F-11D3-BF4B-00C04F79EFBC}") = "Test", "Test\Test.csproj", "{CAE1EAF0-52C8-4F93-A9E1-B486A50DADB3}"
EndProject
Project("{FAE04EC0-301F-11D3-BF4B-00C04F79EFBC}") = "Test2", "Test2\Test2.csproj", "{451EF695-19BE-4797-AAD0-84E5988D65AB}"
EndProject
Global
	GlobalSection(SolutionConfigurationPlatforms) = preSolution
		Debug|Any CPU = Debug|Any CPU
		Release|Any CPU = Release|Any CPU
	EndGlobalSection
	GlobalSection(ProjectConfigurationPlatforms) = postSolution
		{CAE1EAF0-52C8-4F93-A9E1-B486A50DADB3}.Debug|Any CPU.ActiveCfg = Debug|Any CPU
		{CAE1EAF0-52C8-4F93-A9E1-B486A50DADB3}.Debug|Any CPU.Build.0 = Debug|Any CPU
		{CAE1EAF0-52C8-4F93-A9E1-B486A50DADB3}.Release|Any CPU.ActiveCfg = Release|Any CPU
		{CAE1EAF0-52C8-4F93-A9E1-B486A50DADB3}.Release|Any CPU.Build.0 = Release|Any CPU
		{451EF695-19BE-4797-AAD0-84E5988D65AB}.Debug|Any CPU.ActiveCfg = Debug|Any CPU
		{451EF695-19BE-4797-AAD0-84E5988D65AB}.Debug|Any CPU.Build.0 = Debug|Any CPU
		{451EF695-19BE-4797-AAD0-84E5988D65AB}.Release|Any CPU.ActiveCfg = Release|Any CPU
		{451EF695-19BE-4797-AAD0-84E5988D65AB}.Release|Any CPU.Build.0 = Release|Any CPU
	EndGlobalSection
	GlobalSection(SolutionProperties) = preSolution
		HideSolutionNode = FALSE
	EndGlobalSection
	GlobalSection(ExtensibilityGlobals) = postSolution
		SolutionGuid = {DE2C1A71-C0CD-4CDA-9056-47F0BBB0633C}
	EndGlobalSection
EndGlobal
